
Microsoft Visual Studio Solution File, Format Version 12.00
# Visual Studio 15
VisualStudioVersion = 15.0.26730.3
MinimumVisualStudioVersion = 10.0.40219.1
Project("{FAE04EC0-301F-11D3-BF4B-00C04F79EFBC}") = "Jpesa", "Jpesa\Jpesa.csproj", "{8995C004-3148-4884-83C7-32C654192057}"
EndProject
Global
	GlobalSection(SolutionConfigurationPlatforms) = preSolution
		Debug|Any CPU = Debug|Any CPU
		Release|Any CPU = Release|Any CPU
	EndGlobalSection
	GlobalSection(ProjectConfigurationPlatforms) = postSolution
		{8995C004-3148-4884-83C7-32C654192057}.Debug|Any CPU.ActiveCfg = Debug|Any CPU
		{8995C004-3148-4884-83C7-32C654192057}.Debug|Any CPU.Build.0 = Debug|Any CPU
		{8995C004-3148-4884-83C7-32C654192057}.Release|Any CPU.ActiveCfg = Release|Any CPU
		{8995C004-3148-4884-83C7-32C654192057}.Release|Any CPU.Build.0 = Release|Any CPU
	EndGlobalSection
	GlobalSection(SolutionProperties) = preSolution
		HideSolutionNode = FALSE
	EndGlobalSection
	GlobalSection(ExtensibilityGlobals) = postSolution
		SolutionGuid = {6FFD56A1-5343-40F7-8498-A24B7AF8AD4F}
	EndGlobalSection
EndGlobal
